// !$*UTF8*$!
{
	archiveVersion = 1;
	classes = {
	};
	objectVersion = 46;
	objects = {

/* Begin PBXBuildFile section */
		C833A9CC1DB1B6F6008BDC69 /* main.m in Sources */ = {isa = PBXBuildFile; fileRef = C833A9CB1DB1B6F6008BDC69 /* main.m */; };
		C833A9CF1DB1B6F6008BDC69 /* AppDelegate.m in Sources */ = {isa = PBXBuildFile; fileRef = C833A9CE1DB1B6F6008BDC69 /* AppDelegate.m */; };
		C833A9D21DB1B6F6008BDC69 /* ViewController.m in Sources */ = {isa = PBXBuildFile; fileRef = C833A9D11DB1B6F6008BDC69 /* ViewController.m */; };
		C833A9D51DB1B6F6008BDC69 /* Main.storyboard in Resources */ = {isa = PBXBuildFile; fileRef = C833A9D31DB1B6F6008BDC69 /* Main.storyboard */; };
		C833A9D71DB1B6F6008BDC69 /* Assets.xcassets in Resources */ = {isa = PBXBuildFile; fileRef = C833A9D61DB1B6F6008BDC69 /* Assets.xcassets */; };
		C833A9DA1DB1B6F6008BDC69 /* LaunchScreen.storyboard in Resources */ = {isa = PBXBuildFile; fileRef = C833A9D81DB1B6F6008BDC69 /* LaunchScreen.storyboard */; };
		C833A9E31DB1B936008BDC69 /* CoverFlowView.m in Sources */ = {isa = PBXBuildFile; fileRef = C833A9E21DB1B936008BDC69 /* CoverFlowView.m */; };
		C833A9E61DB1B95E008BDC69 /* CoverFlowLayout.m in Sources */ = {isa = PBXBuildFile; fileRef = C833A9E51DB1B95E008BDC69 /* CoverFlowLayout.m */; };
		C833A9EA1DB1BB19008BDC69 /* CoverFlowViewCell.m in Sources */ = {isa = PBXBuildFile; fileRef = C833A9E81DB1BB19008BDC69 /* CoverFlowViewCell.m */; };
		C833A9EB1DB1BB19008BDC69 /* CoverFlowViewCell.xib in Resources */ = {isa = PBXBuildFile; fileRef = C833A9E91DB1BB19008BDC69 /* CoverFlowViewCell.xib */; };
/* End PBXBuildFile section */

/* Begin PBXFileReference section */
		C833A9C71DB1B6F6008BDC69 /* CoverFlowDemo.app */ = {isa = PBXFileReference; explicitFileType = wrapper.application; includeInIndex = 0; path = CoverFlowDemo.app; sourceTree = BUILT_PRODUCTS_DIR; };
		C833A9CB1DB1B6F6008BDC69 /* main.m */ = {isa = PBXFileReference; lastKnownFileType = sourcecode.c.objc; path = main.m; sourceTree = "<group>"; };
		C833A9CD1DB1B6F6008BDC69 /* AppDelegate.h */ = {isa = PBXFileReference; lastKnownFileType = sourcecode.c.h; path = AppDelegate.h; sourceTree = "<group>"; };
		C833A9CE1DB1B6F6008BDC69 /* AppDelegate.m */ = {isa = PBXFileReference; lastKnownFileType = sourcecode.c.objc; path = AppDelegate.m; sourceTree = "<group>"; };
		C833A9D01DB1B6F6008BDC69 /* ViewController.h */ = {isa = PBXFileReference; lastKnownFileType = sourcecode.c.h; path = ViewController.h; sourceTree = "<group>"; };
		C833A9D11DB1B6F6008BDC69 /* ViewController.m */ = {isa = PBXFileReference; lastKnownFileType = sourcecode.c.objc; path = ViewController.m; sourceTree = "<group>"; };
		C833A9D41DB1B6F6008BDC69 /* Base */ = {isa = PBXFileReference; lastKnownFileType = file.storyboard; name = Base; path = Base.lproj/Main.storyboard; sourceTree = "<group>"; };
		C833A9D61DB1B6F6008BDC69 /* Assets.xcassets */ = {isa = PBXFileReference; lastKnownFileType = folder.assetcatalog; path = Assets.xcassets; sourceTree = "<group>"; };
		C833A9D91DB1B6F6008BDC69 /* Base */ = {isa = PBXFileReference; lastKnownFileType = file.storyboard; name = Base; path = Base.lproj/LaunchScreen.storyboard; sourceTree = "<group>"; };
		C833A9DB1DB1B6F6008BDC69 /* Info.plist */ = {isa = PBXFileReference; lastKnownFileType = text.plist.xml; path = Info.plist; sourceTree = "<group>"; };
		C833A9E11DB1B936008BDC69 /* CoverFlowView.h */ = {isa = PBXFileReference; fileEncoding = 4; lastKnownFileType = sourcecode.c.h; path = CoverFlowView.h; sourceTree = "<group>"; };
		C833A9E21DB1B936008BDC69 /* CoverFlowView.m */ = {isa = PBXFileReference; fileEncoding = 4; lastKnownFileType = sourcecode.c.objc; path = CoverFlowView.m; sourceTree = "<group>"; };
		C833A9E41DB1B95E008BDC69 /* CoverFlowLayout.h */ = {isa = PBXFileReference; fileEncoding = 4; lastKnownFileType = sourcecode.c.h; path = CoverFlowLayout.h; sourceTree = "<group>"; };
		C833A9E51DB1B95E008BDC69 /* CoverFlowLayout.m */ = {isa = PBXFileReference; fileEncoding = 4; lastKnownFileType = sourcecode.c.objc; path = CoverFlowLayout.m; sourceTree = "<group>"; };
		C833A9E71DB1BB19008BDC69 /* CoverFlowViewCell.h */ = {isa = PBXFileReference; fileEncoding = 4; lastKnownFileType = sourcecode.c.h; path = CoverFlowViewCell.h; sourceTree = "<group>"; };
		C833A9E81DB1BB19008BDC69 /* CoverFlowViewCell.m */ = {isa = PBXFileReference; fileEncoding = 4; lastKnownFileType = sourcecode.c.objc; path = CoverFlowViewCell.m; sourceTree = "<group>"; };
		C833A9E91DB1BB19008BDC69 /* CoverFlowViewCell.xib */ = {isa = PBXFileReference; fileEncoding = 4; lastKnownFileType = file.xib; path = CoverFlowViewCell.xib; sourceTree = "<group>"; };
/* End PBXFileReference section */

/* Begin PBXFrameworksBuildPhase section */
		C833A9C41DB1B6F5008BDC69 /* Frameworks */ = {
			isa = PBXFrameworksBuildPhase;
			buildActionMask = 2147483647;
			files = (
			);
			runOnlyForDeploymentPostprocessing = 0;
		};
/* End PBXFrameworksBuildPhase section */

/* Begin PBXGroup section */
		C833A9BE1DB1B6F5008BDC69 = {
			isa = PBXGroup;
			children = (
				C833A9C91DB1B6F6008BDC69 /* CoverFlowDemo */,
				C833A9C81DB1B6F6008BDC69 /* Products */,
			);
			sourceTree = "<group>";
		};
		C833A9C81DB1B6F6008BDC69 /* Products */ = {
			isa = PBXGroup;
			children = (
				C833A9C71DB1B6F6008BDC69 /* CoverFlowDemo.app */,
			);
			name = Products;
			sourceTree = "<group>";
		};
		C833A9C91DB1B6F6008BDC69 /* CoverFlowDemo */ = {
			isa = PBXGroup;
			children = (
				C833A9CD1DB1B6F6008BDC69 /* AppDelegate.h */,
				C833A9CE1DB1B6F6008BDC69 /* AppDelegate.m */,
				C833A9D01DB1B6F6008BDC69 /* ViewController.h */,
				C833A9D11DB1B6F6008BDC69 /* ViewController.m */,
				C833A9D31DB1B6F6008BDC69 /* Main.storyboard */,
				C833A9D61DB1B6F6008BDC69 /* Assets.xcassets */,
				C833A9D81DB1B6F6008BDC69 /* LaunchScreen.storyboard */,
				C833A9DB1DB1B6F6008BDC69 /* Info.plist */,
				C833A9CA1DB1B6F6008BDC69 /* Supporting Files */,
				C833A9E11DB1B936008BDC69 /* CoverFlowView.h */,
				C833A9E21DB1B936008BDC69 /* CoverFlowView.m */,
				C833A9E71DB1BB19008BDC69 /* CoverFlowViewCell.h */,
				C833A9E81DB1BB19008BDC69 /* CoverFlowViewCell.m */,
				C833A9E91DB1BB19008BDC69 /* CoverFlowViewCell.xib */,
				C833A9E41DB1B95E008BDC69 /* CoverFlowLayout.h */,
				C833A9E51DB1B95E008BDC69 /* CoverFlowLayout.m */,
			);
			path = CoverFlowDemo;
			sourceTree = "<group>";
		};
		C833A9CA1DB1B6F6008BDC69 /* Supporting Files */ = {
			isa = PBXGroup;
			children = (
				C833A9CB1DB1B6F6008BDC69 /* main.m */,
			);
			name = "Supporting Files";
			sourceTree = "<group>";
		};
/* End PBXGroup section */

/* Begin PBXNativeTarget section */
		C833A9C61DB1B6F5008BDC69 /* CoverFlowDemo */ = {
			isa = PBXNativeTarget;
			buildConfigurationList = C833A9DE1DB1B6F6008BDC69 /* Build configuration list for PBXNativeTarget "CoverFlowDemo" */;
			buildPhases = (
				C833A9C31DB1B6F5008BDC69 /* Sources */,
				C833A9C41DB1B6F5008BDC69 /* Frameworks */,
				C833A9C51DB1B6F5008BDC69 /* Resources */,
			);
			buildRules = (
			);
			dependencies = (
			);
			name = CoverFlowDemo;
			productName = CoverFlowDemo;
			productReference = C833A9C71DB1B6F6008BDC69 /* CoverFlowDemo.app */;
			productType = "com.apple.product-type.application";
		};
/* End PBXNativeTarget section */

/* Begin PBXProject section */
		C833A9BF1DB1B6F5008BDC69 /* Project object */ = {
			isa = PBXProject;
			attributes = {
				LastUpgradeCheck = 0800;
				ORGANIZATIONNAME = com.Ari;
				TargetAttributes = {
					C833A9C61DB1B6F5008BDC69 = {
						CreatedOnToolsVersion = 8.0;
						DevelopmentTeam = 55EMPZWFA4;
						ProvisioningStyle = Automatic;
					};
				};
			};
			buildConfigurationList = C833A9C21DB1B6F5008BDC69 /* Build configuration list for PBXProject "CoverFlowDemo" */;
			compatibilityVersion = "Xcode 3.2";
			developmentRegion = English;
			hasScannedForEncodings = 0;
			knownRegions = (
				en,
				Base,
			);
			mainGroup = C833A9BE1DB1B6F5008BDC69;
			productRefGroup = C833A9C81DB1B6F6008BDC69 /* Products */;
			projectDirPath = "";
			projectRoot = "";
			targets = (
				C833A9C61DB1B6F5008BDC69 /* CoverFlowDemo */,
			);
		};
/* End PBXProject section */

/* Begin PBXResourcesBuildPhase section */
		C833A9C51DB1B6F5008BDC69 /* Resources */ = {
			isa = PBXResourcesBuildPhase;
			buildActionMask = 2147483647;
			files = (
				C833A9EB1DB1BB19008BDC69 /* CoverFlowViewCell.xib in Resources */,
				C833A9DA1DB1B6F6008BDC69 /* LaunchScreen.storyboard in Resources */,
				C833A9D71DB1B6F6008BDC69 /* Assets.xcassets in Resources */,
				C833A9D51DB1B6F6008BDC69 /* Main.storyboard in Resources */,
			);
			runOnlyForDeploymentPostprocessing = 0;
		};
/* End PBXResourcesBuildPhase section */

/* Begin PBXSourcesBuildPhase section */
		C833A9C31DB1B6F5008BDC69 /* Sources */ = {
			isa = PBXSourcesBuildPhase;
			buildActionMask = 2147483647;
			files = (
				C833A9E31DB1B936008BDC69 /* CoverFlowView.m in Sources */,
				C833A9E61DB1B95E008BDC69 /* CoverFlowLayout.m in Sources */,
				C833A9D21DB1B6F6008BDC69 /* ViewController.m in Sources */,
				C833A9CF1DB1B6F6008BDC69 /* AppDelegate.m in Sources */,
				C833A9EA1DB1BB19008BDC69 /* CoverFlowViewCell.m in Sources */,
				C833A9CC1DB1B6F6008BDC69 /* main.m in Sources */,
			);
			runOnlyForDeploymentPostprocessing = 0;
		};
/* End PBXSourcesBuildPhase section */

/* Begin PBXVariantGroup section */
		C833A9D31DB1B6F6008BDC69 /* Main.storyboard */ = {
			isa = PBXVariantGroup;
			children = (
				C833A9D41DB1B6F6008BDC69 /* Base */,
			);
			name = Main.storyboard;
			sourceTree = "<group>";
		};
		C833A9D81DB1B6F6008BDC69 /* LaunchScreen.storyboard */ = {
			isa = PBXVariantGroup;
			children = (
				C833A9D91DB1B6F6008BDC69 /* Base */,
			);
			name = LaunchScreen.storyboard;
			sourceTree = "<group>";
		};
/* End PBXVariantGroup section */

/* Begin XCBuildConfiguration section */
		C833A9DC1DB1B6F6008BDC69 /* Debug */ = {
			isa = XCBuildConfiguration;
			buildSettings = {
				ALWAYS_SEARCH_USER_PATHS = NO;
				CLANG_ANALYZER_NONNULL = YES;
				CLANG_CXX_LANGUAGE_STANDARD = "gnu++0x";
				CLANG_CXX_LIBRARY = "libc++";
				CLANG_ENABLE_MODULES = YES;
				CLANG_ENABLE_OBJC_ARC = YES;
				CLANG_WARN_BOOL_CONVERSION = YES;
				CLANG_WARN_CONSTANT_CONVERSION = YES;
				CLANG_WARN_DIRECT_OBJC_ISA_USAGE = YES_ERROR;
				CLANG_WARN_DOCUMENTATION_COMMENTS = YES;
				CLANG_WARN_EMPTY_BODY = YES;
				CLANG_WARN_ENUM_CONVERSION = YES;
				CLANG_WARN_INFINITE_RECURSION = YES;
				CLANG_WARN_INT_CONVERSION = YES;
				CLANG_WARN_OBJC_ROOT_CLASS = YES_ERROR;
				CLANG_WARN_SUSPICIOUS_MOVES = YES;
				CLANG_WARN_UNREACHABLE_CODE = YES;
				CLANG_WARN__DUPLICATE_METHOD_MATCH = YES;
				"CODE_SIGN_IDENTITY[sdk=iphoneos*]" = "iPhone Developer";
				COPY_PHASE_STRIP = NO;
				DEBUG_INFORMATION_FORMAT = dwarf;
				ENABLE_STRICT_OBJC_MSGSEND = YES;
				ENABLE_TESTABILITY = YES;
				GCC_C_LANGUAGE_STANDARD = gnu99;
				GCC_DYNAMIC_NO_PIC = NO;
				GCC_NO_COMMON_BLOCKS = YES;
				GCC_OPTIMIZATION_LEVEL = 0;
				GCC_PREPROCESSOR_DEFINITIONS = (
					"DEBUG=1",
					"$(inherited)",
				);
				GCC_WARN_64_TO_32_BIT_CONVERSION = YES;
				GCC_WARN_ABOUT_RETURN_TYPE = YES_ERROR;
				GCC_WARN_UNDECLARED_SELECTOR = YES;
				GCC_WARN_UNINITIALIZED_AUTOS = YES_AGGRESSIVE;
				GCC_WARN_UNUSED_FUNCTION = YES;
				GCC_WARN_UNUSED_VARIABLE = YES;
				IPHONEOS_DEPLOYMENT_TARGET = 10.0;
				MTL_ENABLE_DEBUG_INFO = YES;
				ONLY_ACTIVE_ARCH = YES;
				SDKROOT = iphoneos;
			};
			name = Debug;
		};
		C833A9DD1DB1B6F6008BDC69 /* Release */ = {
			isa = XCBuildConfiguration;
			buildSettings = {
				ALWAYS_SEARCH_USER_PATHS = NO;
				CLANG_ANALYZER_NONNULL = YES;
				CLANG_CXX_LANGUAGE_STANDARD = "gnu++0x";
				CLANG_CXX_LIBRARY = "libc++";
				CLANG_ENABLE_MODULES = YES;
				CLANG_ENABLE_OBJC_ARC = YES;
				CLANG_WARN_BOOL_CONVERSION = YES;
				CLANG_WARN_CONSTANT_CONVERSION = YES;
				CLANG_WARN_DIRECT_OBJC_ISA_USAGE = YES_ERROR;
				CLANG_WARN_DOCUMENTATION_COMMENTS = YES;
				CLANG_WARN_EMPTY_BODY = YES;
				CLANG_WARN_ENUM_CONVERSION = YES;
				CLANG_WARN_INFINITE_RECURSION = YES;
				CLANG_WARN_INT_CONVERSION = YES;
				CLANG_WARN_OBJC_ROOT_CLASS = YES_ERROR;
				CLANG_WARN_SUSPICIOUS_MOVES = YES;
				CLANG_WARN_UNREACHABLE_CODE = YES;
				CLANG_WARN__DUPLICATE_METHOD_MATCH = YES;
				"CODE_SIGN_IDENTITY[sdk=iphoneos*]" = "iPhone Developer";
				COPY_PHASE_STRIP = NO;
				DEBUG_INFORMATION_FORMAT = "dwarf-with-dsym";
				ENABLE_NS_ASSERTIONS = NO;
				ENABLE_STRICT_OBJC_MSGSEND = YES;
				GCC_C_LANGUAGE_STANDARD = gnu99;
				GCC_NO_COMMON_BLOCKS = YES;
				GCC_WARN_64_TO_32_BIT_CONVERSION = YES;
				GCC_WARN_ABOUT_RETURN_TYPE = YES_ERROR;
				GCC_WARN_UNDECLARED_SELECTOR = YES;
				GCC_WARN_UNINITIALIZED_AUTOS = YES_AGGRESSIVE;
				GCC_WARN_UNUSED_FUNCTION = YES;
				GCC_WARN_UNUSED_VARIABLE = YES;
				IPHONEOS_DEPLOYMENT_TARGET = 10.0;
				MTL_ENABLE_DEBUG_INFO = NO;
				SDKROOT = iphoneos;
				VALIDATE_PRODUCT = YES;
			};
			name = Release;
		};
		C833A9DF1DB1B6F6008BDC69 /* Debug */ = {
			isa = XCBuildConfiguration;
			buildSettings = {
				ASSETCATALOG_COMPILER_APPICON_NAME = AppIcon;
				DEVELOPMENT_TEAM = 55EMPZWFA4;
				INFOPLIST_FILE = CoverFlowDemo/Info.plist;
				LD_RUNPATH_SEARCH_PATHS = "$(inherited) @executable_path/Frameworks";
				PRODUCT_BUNDLE_IDENTIFIER = com.Ari.CoverFlowDemo;
				PRODUCT_NAME = "$(TARGET_NAME)";
			};
			name = Debug;
		};
		C833A9E01DB1B6F6008BDC69 /* Release */ = {
			isa = XCBuildConfiguration;
			buildSettings = {
				ASSETCATALOG_COMPILER_APPICON_NAME = AppIcon;
				DEVELOPMENT_TEAM = 55EMPZWFA4;
				INFOPLIST_FILE = CoverFlowDemo/Info.plist;
				LD_RUNPATH_SEARCH_PATHS = "$(inherited) @executable_path/Frameworks";
				PRODUCT_BUNDLE_IDENTIFIER = com.Ari.CoverFlowDemo;
				PRODUCT_NAME = "$(TARGET_NAME)";
			};
			name = Release;
		};
/* End XCBuildConfiguration section */

/* Begin XCConfigurationList section */
		C833A9C21DB1B6F5008BDC69 /* Build configuration list for PBXProject "CoverFlowDemo" */ = {
			isa = XCConfigurationList;
			buildConfigurations = (
				C833A9DC1DB1B6F6008BDC69 /* Debug */,
				C833A9DD1DB1B6F6008BDC69 /* Release */,
			);
			defaultConfigurationIsVisible = 0;
			defaultConfigurationName = Release;
		};
		C833A9DE1DB1B6F6008BDC69 /* Build configuration list for PBXNativeTarget "CoverFlowDemo" */ = {
			isa = XCConfigurationList;
			buildConfigurations = (
				C833A9DF1DB1B6F6008BDC69 /* Debug */,
				C833A9E01DB1B6F6008BDC69 /* Release */,
			);
			defaultConfigurationIsVisible = 0;
		};
/* End XCConfigurationList section */
	};
	rootObject = C833A9BF1DB1B6F5008BDC69 /* Project object */;
}
